// !$*UTF8*$!
{
	archiveVersion = 1;
	classes = {
	};
	objectVersion = 46;
	objects = {

/* Begin PBXBuildFile section */
		44227A4D19C7216F0055C041 /* UIView+Addtion.m in Sources */ = {isa = PBXBuildFile; fileRef = 44227A4C19C7216F0055C041 /* UIView+Addtion.m */; };
		442D7A7319C1552A009AEEF7 /* Foundation.framework in Frameworks */ = {isa = PBXBuildFile; fileRef = 442D7A7219C1552A009AEEF7 /* Foundation.framework */; };
		442D7A7519C1552A009AEEF7 /* CoreGraphics.framework in Frameworks */ = {isa = PBXBuildFile; fileRef = 442D7A7419C1552A009AEEF7 /* CoreGraphics.framework */; };
		442D7A7719C1552A009AEEF7 /* UIKit.framework in Frameworks */ = {isa = PBXBuildFile; fileRef = 442D7A7619C1552A009AEEF7 /* UIKit.framework */; };
		442D7A7D19C1552A009AEEF7 /* InfoPlist.strings in Resources */ = {isa = PBXBuildFile; fileRef = 442D7A7B19C1552A009AEEF7 /* InfoPlist.strings */; };
		442D7A7F19C1552A009AEEF7 /* main.m in Sources */ = {isa = PBXBuildFile; fileRef = 442D7A7E19C1552A009AEEF7 /* main.m */; };
		442D7A8319C1552A009AEEF7 /* AppDelegate.m in Sources */ = {isa = PBXBuildFile; fileRef = 442D7A8219C1552A009AEEF7 /* AppDelegate.m */; };
		442D7A8519C1552A009AEEF7 /* Images.xcassets in Resources */ = {isa = PBXBuildFile; fileRef = 442D7A8419C1552A009AEEF7 /* Images.xcassets */; };
		442D7A8C19C1552A009AEEF7 /* XCTest.framework in Frameworks */ = {isa = PBXBuildFile; fileRef = 442D7A8B19C1552A009AEEF7 /* XCTest.framework */; };
		442D7A8D19C1552A009AEEF7 /* Foundation.framework in Frameworks */ = {isa = PBXBuildFile; fileRef = 442D7A7219C1552A009AEEF7 /* Foundation.framework */; };
		442D7A8E19C1552A009AEEF7 /* UIKit.framework in Frameworks */ = {isa = PBXBuildFile; fileRef = 442D7A7619C1552A009AEEF7 /* UIKit.framework */; };
		442D7A9619C1552A009AEEF7 /* InfoPlist.strings in Resources */ = {isa = PBXBuildFile; fileRef = 442D7A9419C1552A009AEEF7 /* InfoPlist.strings */; };
		442D7A9819C1552A009AEEF7 /* __Tests.m in Sources */ = {isa = PBXBuildFile; fileRef = 442D7A9719C1552A009AEEF7 /* __Tests.m */; };
		442D7AAA19C1DC12009AEEF7 /* CustomTabBarViewController.m in Sources */ = {isa = PBXBuildFile; fileRef = 442D7AA919C1DC12009AEEF7 /* CustomTabBarViewController.m */; };
		4459357819E40EDD0094D390 /* PopView.m in Sources */ = {isa = PBXBuildFile; fileRef = 4459357719E40EDD0094D390 /* PopView.m */; };
		4459358019E5734F0094D390 /* SelectView.m in Sources */ = {isa = PBXBuildFile; fileRef = 4459357F19E5734F0094D390 /* SelectView.m */; };
		4459358919E6B4A70094D390 /* sina_login.png in Resources */ = {isa = PBXBuildFile; fileRef = 4459358819E6B4A70094D390 /* sina_login.png */; };
		4459358B19E6B4AB0094D390 /* tencent_login.png in Resources */ = {isa = PBXBuildFile; fileRef = 4459358A19E6B4AB0094D390 /* tencent_login.png */; };
		4459359119E6C3790094D390 /* CustomNavController.m in Sources */ = {isa = PBXBuildFile; fileRef = 4459359019E6C3790094D390 /* CustomNavController.m */; };
		445935C719EE39660094D390 /* AuthorizeViewController.m in Sources */ = {isa = PBXBuildFile; fileRef = 445935C619EE39660094D390 /* AuthorizeViewController.m */; };
		447D22CA19C6DC040076EA79 /* SinaCell.m in Sources */ = {isa = PBXBuildFile; fileRef = 447D22C919C6DC040076EA79 /* SinaCell.m */; };
		447D22CD19C6DEA20076EA79 /* NSString+autoFit.m in Sources */ = {isa = PBXBuildFile; fileRef = 447D22CC19C6DEA20076EA79 /* NSString+autoFit.m */; };
		447D22D019C6DED80076EA79 /* UIImageView+LoadView.m in Sources */ = {isa = PBXBuildFile; fileRef = 447D22CF19C6DED80076EA79 /* UIImageView+LoadView.m */; };
		447D22D319C6E1B60076EA79 /* WeiboDataSource.m in Sources */ = {isa = PBXBuildFile; fileRef = 447D22D219C6E1B60076EA79 /* WeiboDataSource.m */; };
		447D22DE19C70F490076EA79 /* LogViewController.m in Sources */ = {isa = PBXBuildFile; fileRef = 447D22DD19C70F490076EA79 /* LogViewController.m */; };
		447D22E419C714ED0076EA79 /* BlockButton.m in Sources */ = {isa = PBXBuildFile; fileRef = 447D22E319C714ED0076EA79 /* BlockButton.m */; };
		4480DA8219EF5B5100F53583 /* DDMenuController.m in Sources */ = {isa = PBXBuildFile; fileRef = 4480DA8119EF5B5100F53583 /* DDMenuController.m */; };
		4480DA8719EF5E5300F53583 /* RootViewController.m in Sources */ = {isa = PBXBuildFile; fileRef = 4480DA8619EF5E5300F53583 /* RootViewController.m */; };
		4480DA8E19EF60DE00F53583 /* HomeTableViewController.m in Sources */ = {isa = PBXBuildFile; fileRef = 4480DA8D19EF60DE00F53583 /* HomeTableViewController.m */; };
		4480DA9119EF610300F53583 /* SquareViewController.m in Sources */ = {isa = PBXBuildFile; fileRef = 4480DA9019EF610300F53583 /* SquareViewController.m */; };
		4480DA9519EF612700F53583 /* PersonalTableViewController.m in Sources */ = {isa = PBXBuildFile; fileRef = 4480DA9419EF612700F53583 /* PersonalTableViewController.m */; };
		4480DA9819EF613300F53583 /* MoreTableViewController.m in Sources */ = {isa = PBXBuildFile; fileRef = 4480DA9719EF613300F53583 /* MoreTableViewController.m */; };
		4480DA9A19EF64B500F53583 /* personal.png in Resources */ = {isa = PBXBuildFile; fileRef = 4480DA9919EF64B500F53583 /* personal.png */; };
		4480DA9C19EF64B900F53583 /* square.png in Resources */ = {isa = PBXBuildFile; fileRef = 4480DA9B19EF64B900F53583 /* square.png */; };
		4480DA9E19EF64BD00F53583 /* home.png in Resources */ = {isa = PBXBuildFile; fileRef = 4480DA9D19EF64BD00F53583 /* home.png */; };
		4480DAA019EF64C200F53583 /* more.png in Resources */ = {isa = PBXBuildFile; fileRef = 4480DA9F19EF64C200F53583 /* more.png */; };
		4480DAA419EFFC2300F53583 /* SplashViewController.m in Sources */ = {isa = PBXBuildFile; fileRef = 4480DAA319EFFC2300F53583 /* SplashViewController.m */; };
		44C30E1319D2F0B300E88059 /* libTCWeiboSDK.a in Frameworks */ = {isa = PBXBuildFile; fileRef = 44C30E1019D2F0B300E88059 /* libTCWeiboSDK.a */; };
		44C30E1519D5634300E88059 /* Accounts.framework in Frameworks */ = {isa = PBXBuildFile; fileRef = 44C30E1419D5634300E88059 /* Accounts.framework */; };
		44C30E1719D5634F00E88059 /* Security.framework in Frameworks */ = {isa = PBXBuildFile; fileRef = 44C30E1619D5634F00E88059 /* Security.framework */; };
		44C30E1919D5635800E88059 /* Social.framework in Frameworks */ = {isa = PBXBuildFile; fileRef = 44C30E1819D5635800E88059 /* Social.framework */; };
		44C30E4519D57ED500E88059 /* CFNetwork.framework in Frameworks */ = {isa = PBXBuildFile; fileRef = 44C30E4419D57ED500E88059 /* CFNetwork.framework */; };
		44C30E4719D57EE200E88059 /* SystemConfiguration.framework in Frameworks */ = {isa = PBXBuildFile; fileRef = 44C30E4619D57EE200E88059 /* SystemConfiguration.framework */; };
		44C30E4919D57EEC00E88059 /* MobileCoreServices.framework in Frameworks */ = {isa = PBXBuildFile; fileRef = 44C30E4819D57EEC00E88059 /* MobileCoreServices.framework */; };
		44C30E4B19D57F0600E88059 /* libz.dylib in Frameworks */ = {isa = PBXBuildFile; fileRef = 44C30E4A19D57F0600E88059 /* libz.dylib */; };
		44C30E4D19D57F2600E88059 /* libxml2.dylib in Frameworks */ = {isa = PBXBuildFile; fileRef = 44C30E4C19D57F2600E88059 /* libxml2.dylib */; };
		44C30E6519D57FFE00E88059 /* ASIAuthenticationDialog.m in Sources */ = {isa = PBXBuildFile; fileRef = 44C30E5019D57FFE00E88059 /* ASIAuthenticationDialog.m */; settings = {COMPILER_FLAGS = "-fno-objc-arc"; }; };
		44C30E6619D57FFE00E88059 /* ASIDataCompressor.m in Sources */ = {isa = PBXBuildFile; fileRef = 44C30E5319D57FFE00E88059 /* ASIDataCompressor.m */; settings = {COMPILER_FLAGS = "-fno-objc-arc"; }; };
		44C30E6719D57FFE00E88059 /* ASIDataDecompressor.m in Sources */ = {isa = PBXBuildFile; fileRef = 44C30E5519D57FFE00E88059 /* ASIDataDecompressor.m */; settings = {COMPILER_FLAGS = "-fno-objc-arc"; }; };
		44C30E6819D57FFE00E88059 /* ASIDownloadCache.m in Sources */ = {isa = PBXBuildFile; fileRef = 44C30E5719D57FFE00E88059 /* ASIDownloadCache.m */; settings = {COMPILER_FLAGS = "-fno-objc-arc"; }; };
		44C30E6919D57FFE00E88059 /* ASIFormDataRequest.m in Sources */ = {isa = PBXBuildFile; fileRef = 44C30E5919D57FFE00E88059 /* ASIFormDataRequest.m */; settings = {COMPILER_FLAGS = "-fno-objc-arc"; }; };
		44C30E6A19D57FFE00E88059 /* ASIHTTPRequest.m in Sources */ = {isa = PBXBuildFile; fileRef = 44C30E5B19D57FFE00E88059 /* ASIHTTPRequest.m */; settings = {COMPILER_FLAGS = "-fno-objc-arc"; }; };
		44C30E6B19D57FFE00E88059 /* ASIInputStream.m in Sources */ = {isa = PBXBuildFile; fileRef = 44C30E5F19D57FFE00E88059 /* ASIInputStream.m */; settings = {COMPILER_FLAGS = "-fno-objc-arc"; }; };
		44C30E6C19D57FFE00E88059 /* ASINetworkQueue.m in Sources */ = {isa = PBXBuildFile; fileRef = 44C30E6119D57FFE00E88059 /* ASINetworkQueue.m */; settings = {COMPILER_FLAGS = "-fno-objc-arc"; }; };
		44C30E6D19D57FFE00E88059 /* Reachability.m in Sources */ = {isa = PBXBuildFile; fileRef = 44C30E6419D57FFE00E88059 /* Reachability.m */; settings = {COMPILER_FLAGS = "-fno-objc-arc"; }; };
		44DCDF5819F60485001CE20D /* SelectedWeiboName.m in Sources */ = {isa = PBXBuildFile; fileRef = 44DCDF5719F60485001CE20D /* SelectedWeiboName.m */; };
		44DCDF7119F762D0001CE20D /* EGORefreshTableHeaderView.m in Sources */ = {isa = PBXBuildFile; fileRef = 44DCDF6119F762D0001CE20D /* EGORefreshTableHeaderView.m */; settings = {COMPILER_FLAGS = "-fno-objc-arc"; }; };
		44DCDF7219F762D0001CE20D /* LoadMoreTableFooterView.m in Sources */ = {isa = PBXBuildFile; fileRef = 44DCDF6319F762D0001CE20D /* LoadMoreTableFooterView.m */; settings = {COMPILER_FLAGS = "-fno-objc-arc"; }; };
		44DCDF7319F762D0001CE20D /* MessageInterceptor.m in Sources */ = {isa = PBXBuildFile; fileRef = 44DCDF6519F762D0001CE20D /* MessageInterceptor.m */; settings = {COMPILER_FLAGS = "-fno-objc-arc"; }; };
		44DCDF7419F762D0001CE20D /* PullTableView.m in Sources */ = {isa = PBXBuildFile; fileRef = 44DCDF6719F762D0001CE20D /* PullTableView.m */; settings = {COMPILER_FLAGS = "-fno-objc-arc"; }; };
		44DCDF7519F762D0001CE20D /* blackArrow.png in Resources */ = {isa = PBXBuildFile; fileRef = 44DCDF6919F762D0001CE20D /* blackArrow.png */; };
		44DCDF7619F762D0001CE20D /* blackArrow@2x.png in Resources */ = {isa = PBXBuildFile; fileRef = 44DCDF6A19F762D0001CE20D /* blackArrow@2x.png */; };
		44DCDF7719F762D0001CE20D /* blueArrow.png in Resources */ = {isa = PBXBuildFile; fileRef = 44DCDF6B19F762D0001CE20D /* blueArrow.png */; };
		44DCDF7819F762D0001CE20D /* blueArrow@2x.png in Resources */ = {isa = PBXBuildFile; fileRef = 44DCDF6C19F762D0001CE20D /* blueArrow@2x.png */; };
		44DCDF7919F762D0001CE20D /* grayArrow.png in Resources */ = {isa = PBXBuildFile; fileRef = 44DCDF6D19F762D0001CE20D /* grayArrow.png */; };
		44DCDF7A19F762D0001CE20D /* grayArrow@2x.png in Resources */ = {isa = PBXBuildFile; fileRef = 44DCDF6E19F762D0001CE20D /* grayArrow@2x.png */; };
		44DCDF7B19F762D0001CE20D /* whiteArrow.png in Resources */ = {isa = PBXBuildFile; fileRef = 44DCDF6F19F762D0001CE20D /* whiteArrow.png */; };
		44DCDF7C19F762D0001CE20D /* whiteArrow@2x.png in Resources */ = {isa = PBXBuildFile; fileRef = 44DCDF7019F762D0001CE20D /* whiteArrow@2x.png */; };
		44DCDF8419F7A56D001CE20D /* LeftViewController.m in Sources */ = {isa = PBXBuildFile; fileRef = 44DCDF8319F7A56D001CE20D /* LeftViewController.m */; };
/* End PBXBuildFile section */

/* Begin PBXContainerItemProxy section */
		442D7A8F19C1552A009AEEF7 /* PBXContainerItemProxy */ = {
			isa = PBXContainerItemProxy;
			containerPortal = 442D7A6719C1552A009AEEF7 /* Project object */;
			proxyType = 1;
			remoteGlobalIDString = 442D7A6E19C1552A009AEEF7;
			remoteInfo = "微妮";
		};
/* End PBXContainerItemProxy section */

/* Begin PBXFileReference section */
		44227A4B19C7216F0055C041 /* UIView+Addtion.h */ = {isa = PBXFileReference; fileEncoding = 4; lastKnownFileType = sourcecode.c.h; path = "UIView+Addtion.h"; sourceTree = "<group>"; };
		44227A4C19C7216F0055C041 /* UIView+Addtion.m */ = {isa = PBXFileReference; fileEncoding = 4; lastKnownFileType = sourcecode.c.objc; path = "UIView+Addtion.m"; sourceTree = "<group>"; };
		442D7A6F19C1552A009AEEF7 /* 微妮.app */ = {isa = PBXFileReference; explicitFileType = wrapper.application; includeInIndex = 0; path = "微妮.app"; sourceTree = BUILT_PRODUCTS_DIR; };
		442D7A7219C1552A009AEEF7 /* Foundation.framework */ = {isa = PBXFileReference; lastKnownFileType = wrapper.framework; name = Foundation.framework; path = System/Library/Frameworks/Foundation.framework; sourceTree = SDKROOT; };
		442D7A7419C1552A009AEEF7 /* CoreGraphics.framework */ = {isa = PBXFileReference; lastKnownFileType = wrapper.framework; name = CoreGraphics.framework; path = System/Library/Frameworks/CoreGraphics.framework; sourceTree = SDKROOT; };
		442D7A7619C1552A009AEEF7 /* UIKit.framework */ = {isa = PBXFileReference; lastKnownFileType = wrapper.framework; name = UIKit.framework; path = System/Library/Frameworks/UIKit.framework; sourceTree = SDKROOT; };
		442D7A7A19C1552A009AEEF7 /* 微妮-Info.plist */ = {isa = PBXFileReference; lastKnownFileType = text.plist.xml; path = "微妮-Info.plist"; sourceTree = "<group>"; };
		442D7A7C19C1552A009AEEF7 /* en */ = {isa = PBXFileReference; lastKnownFileType = text.plist.strings; name = en; path = en.lproj/InfoPlist.strings; sourceTree = "<group>"; };
		442D7A7E19C1552A009AEEF7 /* main.m */ = {isa = PBXFileReference; lastKnownFileType = sourcecode.c.objc; path = main.m; sourceTree = "<group>"; };
		442D7A8019C1552A009AEEF7 /* 微妮-Prefix.pch */ = {isa = PBXFileReference; lastKnownFileType = sourcecode.c.h; path = "微妮-Prefix.pch"; sourceTree = "<group>"; };
		442D7A8119C1552A009AEEF7 /* AppDelegate.h */ = {isa = PBXFileReference; lastKnownFileType = sourcecode.c.h; path = AppDelegate.h; sourceTree = "<group>"; };
		442D7A8219C1552A009AEEF7 /* AppDelegate.m */ = {isa = PBXFileReference; lastKnownFileType = sourcecode.c.objc; path = AppDelegate.m; sourceTree = "<group>"; };
		442D7A8419C1552A009AEEF7 /* Images.xcassets */ = {isa = PBXFileReference; lastKnownFileType = folder.assetcatalog; path = Images.xcassets; sourceTree = "<group>"; };
		442D7A8A19C1552A009AEEF7 /* 微妮Tests.xctest */ = {isa = PBXFileReference; explicitFileType = wrapper.cfbundle; includeInIndex = 0; path = "微妮Tests.xctest"; sourceTree = BUILT_PRODUCTS_DIR; };
		442D7A8B19C1552A009AEEF7 /* XCTest.framework */ = {isa = PBXFileReference; lastKnownFileType = wrapper.framework; name = XCTest.framework; path = Library/Frameworks/XCTest.framework; sourceTree = DEVELOPER_DIR; };
		442D7A9319C1552A009AEEF7 /* 微妮Tests-Info.plist */ = {isa = PBXFileReference; lastKnownFileType = text.plist.xml; path = "微妮Tests-Info.plist"; sourceTree = "<group>"; };
		442D7A9519C1552A009AEEF7 /* en */ = {isa = PBXFileReference; lastKnownFileType = text.plist.strings; name = en; path = en.lproj/InfoPlist.strings; sourceTree = "<group>"; };
		442D7A9719C1552A009AEEF7 /* __Tests.m */ = {isa = PBXFileReference; lastKnownFileType = sourcecode.c.objc; path = __Tests.m; sourceTree = "<group>"; };
		442D7AA719C15C04009AEEF7 /* CONSTS.h */ = {isa = PBXFileReference; fileEncoding = 4; lastKnownFileType = sourcecode.c.h; name = CONSTS.h; path = ../CONSTS.h; sourceTree = "<group>"; };
		442D7AA819C1DC11009AEEF7 /* CustomTabBarViewController.h */ = {isa = PBXFileReference; fileEncoding = 4; lastKnownFileType = sourcecode.c.h; name = CustomTabBarViewController.h; path = "微妮/CustomTabBarViewController.h"; sourceTree = "<group>"; };
		442D7AA919C1DC12009AEEF7 /* CustomTabBarViewController.m */ = {isa = PBXFileReference; fileEncoding = 4; lastKnownFileType = sourcecode.c.objc; name = CustomTabBarViewController.m; path = "微妮/CustomTabBarViewController.m"; sourceTree = "<group>"; };
		4459357619E40ED60094D390 /* PopView.h */ = {isa = PBXFileReference; fileEncoding = 4; lastKnownFileType = sourcecode.c.h; path = PopView.h; sourceTree = "<group>"; };
		4459357719E40EDD0094D390 /* PopView.m */ = {isa = PBXFileReference; fileEncoding = 4; lastKnownFileType = sourcecode.c.objc; path = PopView.m; sourceTree = "<group>"; };
		4459357E19E5734F0094D390 /* SelectView.h */ = {isa = PBXFileReference; fileEncoding = 4; lastKnownFileType = sourcecode.c.h; path = SelectView.h; sourceTree = "<group>"; };
		4459357F19E5734F0094D390 /* SelectView.m */ = {isa = PBXFileReference; fileEncoding = 4; lastKnownFileType = sourcecode.c.objc; path = SelectView.m; sourceTree = "<group>"; };
		4459358819E6B4A70094D390 /* sina_login.png */ = {isa = PBXFileReference; lastKnownFileType = image.png; path = sina_login.png; sourceTree = "<group>"; };
		4459358A19E6B4AB0094D390 /* tencent_login.png */ = {isa = PBXFileReference; lastKnownFileType = image.png; path = tencent_login.png; sourceTree = "<group>"; };
		4459358F19E6C3700094D390 /* CustomNavController.h */ = {isa = PBXFileReference; fileEncoding = 4; lastKnownFileType = sourcecode.c.h; path = CustomNavController.h; sourceTree = "<group>"; };
		4459359019E6C3790094D390 /* CustomNavController.m */ = {isa = PBXFileReference; fileEncoding = 4; lastKnownFileType = sourcecode.c.objc; path = CustomNavController.m; sourceTree = "<group>"; };
		445935C519EE39660094D390 /* AuthorizeViewController.h */ = {isa = PBXFileReference; fileEncoding = 4; lastKnownFileType = sourcecode.c.h; path = AuthorizeViewController.h; sourceTree = "<group>"; };
		445935C619EE39660094D390 /* AuthorizeViewController.m */ = {isa = PBXFileReference; fileEncoding = 4; lastKnownFileType = sourcecode.c.objc; path = AuthorizeViewController.m; sourceTree = "<group>"; };
		447D22C819C6DBFC0076EA79 /* SinaCell.h */ = {isa = PBXFileReference; fileEncoding = 4; lastKnownFileType = sourcecode.c.h; path = SinaCell.h; sourceTree = "<group>"; };
		447D22C919C6DC040076EA79 /* SinaCell.m */ = {isa = PBXFileReference; fileEncoding = 4; lastKnownFileType = sourcecode.c.objc; path = SinaCell.m; sourceTree = "<group>"; };
		447D22CB19C6DE9B0076EA79 /* NSString+autoFit.h */ = {isa = PBXFileReference; fileEncoding = 4; lastKnownFileType = sourcecode.c.h; path = "NSString+autoFit.h"; sourceTree = "<group>"; };
		447D22CC19C6DEA20076EA79 /* NSString+autoFit.m */ = {isa = PBXFileReference; fileEncoding = 4; lastKnownFileType = sourcecode.c.objc; path = "NSString+autoFit.m"; sourceTree = "<group>"; };
		447D22CE19C6DED10076EA79 /* UIImageView+LoadView.h */ = {isa = PBXFileReference; fileEncoding = 4; lastKnownFileType = sourcecode.c.h; path = "UIImageView+LoadView.h"; sourceTree = "<group>"; };
		447D22CF19C6DED80076EA79 /* UIImageView+LoadView.m */ = {isa = PBXFileReference; fileEncoding = 4; lastKnownFileType = sourcecode.c.objc; path = "UIImageView+LoadView.m"; sourceTree = "<group>"; };
		447D22D119C6E1B60076EA79 /* WeiboDataSource.h */ = {isa = PBXFileReference; fileEncoding = 4; lastKnownFileType = sourcecode.c.h; path = WeiboDataSource.h; sourceTree = "<group>"; };
		447D22D219C6E1B60076EA79 /* WeiboDataSource.m */ = {isa = PBXFileReference; fileEncoding = 4; lastKnownFileType = sourcecode.c.objc; path = WeiboDataSource.m; sourceTree = "<group>"; };
		447D22DC19C70F490076EA79 /* LogViewController.h */ = {isa = PBXFileReference; fileEncoding = 4; lastKnownFileType = sourcecode.c.h; path = LogViewController.h; sourceTree = "<group>"; };
		447D22DD19C70F490076EA79 /* LogViewController.m */ = {isa = PBXFileReference; fileEncoding = 4; lastKnownFileType = sourcecode.c.objc; path = LogViewController.m; sourceTree = "<group>"; };
		447D22E219C714E80076EA79 /* BlockButton.h */ = {isa = PBXFileReference; fileEncoding = 4; lastKnownFileType = sourcecode.c.h; path = BlockButton.h; sourceTree = "<group>"; };
		447D22E319C714ED0076EA79 /* BlockButton.m */ = {isa = PBXFileReference; fileEncoding = 4; lastKnownFileType = sourcecode.c.objc; path = BlockButton.m; sourceTree = "<group>"; };
		4480DA8019EF5B3F00F53583 /* DDMenuController.h */ = {isa = PBXFileReference; fileEncoding = 4; lastKnownFileType = sourcecode.c.h; path = DDMenuController.h; sourceTree = "<group>"; };
		4480DA8119EF5B5100F53583 /* DDMenuController.m */ = {isa = PBXFileReference; fileEncoding = 4; lastKnownFileType = sourcecode.c.objc; path = DDMenuController.m; sourceTree = "<group>"; };
		4480DA8519EF5E5300F53583 /* RootViewController.h */ = {isa = PBXFileReference; fileEncoding = 4; lastKnownFileType = sourcecode.c.h; path = RootViewController.h; sourceTree = "<group>"; };
		4480DA8619EF5E5300F53583 /* RootViewController.m */ = {isa = PBXFileReference; fileEncoding = 4; lastKnownFileType = sourcecode.c.objc; path = RootViewController.m; sourceTree = "<group>"; };
		4480DA8C19EF60DE00F53583 /* HomeTableViewController.h */ = {isa = PBXFileReference; fileEncoding = 4; lastKnownFileType = sourcecode.c.h; path = HomeTableViewController.h; sourceTree = "<group>"; };
		4480DA8D19EF60DE00F53583 /* HomeTableViewController.m */ = {isa = PBXFileReference; fileEncoding = 4; lastKnownFileType = sourcecode.c.objc; path = HomeTableViewController.m; sourceTree = "<group>"; };
		4480DA8F19EF610300F53583 /* SquareViewController.h */ = {isa = PBXFileReference; fileEncoding = 4; lastKnownFileType = sourcecode.c.h; path = SquareViewController.h; sourceTree = "<group>"; };
		4480DA9019EF610300F53583 /* SquareViewController.m */ = {isa = PBXFileReference; fileEncoding = 4; lastKnownFileType = sourcecode.c.objc; path = SquareViewController.m; sourceTree = "<group>"; };
		4480DA9319EF612700F53583 /* PersonalTableViewController.h */ = {isa = PBXFileReference; fileEncoding = 4; lastKnownFileType = sourcecode.c.h; path = PersonalTableViewController.h; sourceTree = "<group>"; };
		4480DA9419EF612700F53583 /* PersonalTableViewController.m */ = {isa = PBXFileReference; fileEncoding = 4; lastKnownFileType = sourcecode.c.objc; path = PersonalTableViewController.m; sourceTree = "<group>"; };
		4480DA9619EF613300F53583 /* MoreTableViewController.h */ = {isa = PBXFileReference; fileEncoding = 4; lastKnownFileType = sourcecode.c.h; path = MoreTableViewController.h; sourceTree = "<group>"; };
		4480DA9719EF613300F53583 /* MoreTableViewController.m */ = {isa = PBXFileReference; fileEncoding = 4; lastKnownFileType = sourcecode.c.objc; path = MoreTableViewController.m; sourceTree = "<group>"; };
		4480DA9919EF64B500F53583 /* personal.png */ = {isa = PBXFileReference; lastKnownFileType = image.png; path = personal.png; sourceTree = "<group>"; };
		4480DA9B19EF64B900F53583 /* square.png */ = {isa = PBXFileReference; lastKnownFileType = image.png; path = square.png; sourceTree = "<group>"; };
		4480DA9D19EF64BD00F53583 /* home.png */ = {isa = PBXFileReference; lastKnownFileType = image.png; path = home.png; sourceTree = "<group>"; };
		4480DA9F19EF64C200F53583 /* more.png */ = {isa = PBXFileReference; lastKnownFileType = image.png; path = more.png; sourceTree = "<group>"; };
		4480DAA219EFFC2300F53583 /* SplashViewController.h */ = {isa = PBXFileReference; fileEncoding = 4; lastKnownFileType = sourcecode.c.h; path = SplashViewController.h; sourceTree = "<group>"; };
		4480DAA319EFFC2300F53583 /* SplashViewController.m */ = {isa = PBXFileReference; fileEncoding = 4; lastKnownFileType = sourcecode.c.objc; path = SplashViewController.m; sourceTree = "<group>"; };
		44C30E1019D2F0B300E88059 /* libTCWeiboSDK.a */ = {isa = PBXFileReference; lastKnownFileType = archive.ar; path = libTCWeiboSDK.a; sourceTree = "<group>"; };
		44C30E1119D2F0B300E88059 /* WeiboApi.h */ = {isa = PBXFileReference; fileEncoding = 4; lastKnownFileType = sourcecode.c.h; path = WeiboApi.h; sourceTree = "<group>"; };
		44C30E1219D2F0B300E88059 /* WeiboApiObject.h */ = {isa = PBXFileReference; fileEncoding = 4; lastKnownFileType = sourcecode.c.h; path = WeiboApiObject.h; sourceTree = "<group>"; };
		44C30E1419D5634300E88059 /* Accounts.framework */ = {isa = PBXFileReference; lastKnownFileType = wrapper.framework; name = Accounts.framework; path = System/Library/Frameworks/Accounts.framework; sourceTree = SDKROOT; };
		44C30E1619D5634F00E88059 /* Security.framework */ = {isa = PBXFileReference; lastKnownFileType = wrapper.framework; name = Security.framework; path = System/Library/Frameworks/Security.framework; sourceTree = SDKROOT; };
		44C30E1819D5635800E88059 /* Social.framework */ = {isa = PBXFileReference; lastKnownFileType = wrapper.framework; name = Social.framework; path = System/Library/Frameworks/Social.framework; sourceTree = SDKROOT; };
		44C30E4419D57ED500E88059 /* CFNetwork.framework */ = {isa = PBXFileReference; lastKnownFileType = wrapper.framework; name = CFNetwork.framework; path = System/Library/Frameworks/CFNetwork.framework; sourceTree = SDKROOT; };
		44C30E4619D57EE200E88059 /* SystemConfiguration.framework */ = {isa = PBXFileReference; lastKnownFileType = wrapper.framework; name = SystemConfiguration.framework; path = System/Library/Frameworks/SystemConfiguration.framework; sourceTree = SDKROOT; };
		44C30E4819D57EEC00E88059 /* MobileCoreServices.framework */ = {isa = PBXFileReference; lastKnownFileType = wrapper.framework; name = MobileCoreServices.framework; path = System/Library/Frameworks/MobileCoreServices.framework; sourceTree = SDKROOT; };
		44C30E4A19D57F0600E88059 /* libz.dylib */ = {isa = PBXFileReference; lastKnownFileType = "compiled.mach-o.dylib"; name = libz.dylib; path = usr/lib/libz.dylib; sourceTree = SDKROOT; };
		44C30E4C19D57F2600E88059 /* libxml2.dylib */ = {isa = PBXFileReference; lastKnownFileType = "compiled.mach-o.dylib"; name = libxml2.dylib; path = usr/lib/libxml2.dylib; sourceTree = SDKROOT; };
		44C30E4F19D57FFE00E88059 /* ASIAuthenticationDialog.h */ = {isa = PBXFileReference; fileEncoding = 4; lastKnownFileType = sourcecode.c.h; path = ASIAuthenticationDialog.h; sourceTree = "<group>"; };
		44C30E5019D57FFE00E88059 /* ASIAuthenticationDialog.m */ = {isa = PBXFileReference; fileEncoding = 4; lastKnownFileType = sourcecode.c.objc; path = ASIAuthenticationDialog.m; sourceTree = "<group>"; };
		44C30E5119D57FFE00E88059 /* ASICacheDelegate.h */ = {isa = PBXFileReference; fileEncoding = 4; lastKnownFileType = sourcecode.c.h; path = ASICacheDelegate.h; sourceTree = "<group>"; };
		44C30E5219D57FFE00E88059 /* ASIDataCompressor.h */ = {isa = PBXFileReference; fileEncoding = 4; lastKnownFileType = sourcecode.c.h; path = ASIDataCompressor.h; sourceTree = "<group>"; };
		44C30E5319D57FFE00E88059 /* ASIDataCompressor.m */ = {isa = PBXFileReference; fileEncoding = 4; lastKnownFileType = sourcecode.c.objc; path = ASIDataCompressor.m; sourceTree = "<group>"; };
		44C30E5419D57FFE00E88059 /* ASIDataDecompressor.h */ = {isa = PBXFileReference; fileEncoding = 4; lastKnownFileType = sourcecode.c.h; path = ASIDataDecompressor.h; sourceTree = "<group>"; };
		44C30E5519D57FFE00E88059 /* ASIDataDecompressor.m */ = {isa = PBXFileReference; fileEncoding = 4; lastKnownFileType = sourcecode.c.objc; path = ASIDataDecompressor.m; sourceTree = "<group>"; };
		44C30E5619D57FFE00E88059 /* ASIDownloadCache.h */ = {isa = PBXFileReference; fileEncoding = 4; lastKnownFileType = sourcecode.c.h; path = ASIDownloadCache.h; sourceTree = "<group>"; };
		44C30E5719D57FFE00E88059 /* ASIDownloadCache.m */ = {isa = PBXFileReference; fileEncoding = 4; lastKnownFileType = sourcecode.c.objc; path = ASIDownloadCache.m; sourceTree = "<group>"; };
		44C30E5819D57FFE00E88059 /* ASIFormDataRequest.h */ = {isa = PBXFileReference; fileEncoding = 4; lastKnownFileType = sourcecode.c.h; path = ASIFormDataRequest.h; sourceTree = "<group>"; };
		44C30E5919D57FFE00E88059 /* ASIFormDataRequest.m */ = {isa = PBXFileReference; fileEncoding = 4; lastKnownFileType = sourcecode.c.objc; path = ASIFormDataRequest.m; sourceTree = "<group>"; };
		44C30E5A19D57FFE00E88059 /* ASIHTTPRequest.h */ = {isa = PBXFileReference; fileEncoding = 4; lastKnownFileType = sourcecode.c.h; path = ASIHTTPRequest.h; sourceTree = "<group>"; };
		44C30E5B19D57FFE00E88059 /* ASIHTTPRequest.m */ = {isa = PBXFileReference; fileEncoding = 4; lastKnownFileType = sourcecode.c.objc; path = ASIHTTPRequest.m; sourceTree = "<group>"; };
		44C30E5C19D57FFE00E88059 /* ASIHTTPRequestConfig.h */ = {isa = PBXFileReference; fileEncoding = 4; lastKnownFileType = sourcecode.c.h; path = ASIHTTPRequestConfig.h; sourceTree = "<group>"; };
		44C30E5D19D57FFE00E88059 /* ASIHTTPRequestDelegate.h */ = {isa = PBXFileReference; fileEncoding = 4; lastKnownFileType = sourcecode.c.h; path = ASIHTTPRequestDelegate.h; sourceTree = "<group>"; };
		44C30E5E19D57FFE00E88059 /* ASIInputStream.h */ = {isa = PBXFileReference; fileEncoding = 4; lastKnownFileType = sourcecode.c.h; path = ASIInputStream.h; sourceTree = "<group>"; };
		44C30E5F19D57FFE00E88059 /* ASIInputStream.m */ = {isa = PBXFileReference; fileEncoding = 4; lastKnownFileType = sourcecode.c.objc; path = ASIInputStream.m; sourceTree = "<group>"; };
		44C30E6019D57FFE00E88059 /* ASINetworkQueue.h */ = {isa = PBXFileReference; fileEncoding = 4; lastKnownFileType = sourcecode.c.h; path = ASINetworkQueue.h; sourceTree = "<group>"; };
		44C30E6119D57FFE00E88059 /* ASINetworkQueue.m */ = {isa = PBXFileReference; fileEncoding = 4; lastKnownFileType = sourcecode.c.objc; path = ASINetworkQueue.m; sourceTree = "<group>"; };
		44C30E6219D57FFE00E88059 /* ASIProgressDelegate.h */ = {isa = PBXFileReference; fileEncoding = 4; lastKnownFileType = sourcecode.c.h; path = ASIProgressDelegate.h; sourceTree = "<group>"; };
		44C30E6319D57FFE00E88059 /* Reachability.h */ = {isa = PBXFileReference; fileEncoding = 4; lastKnownFileType = sourcecode.c.h; path = Reachability.h; sourceTree = "<group>"; };
		44C30E6419D57FFE00E88059 /* Reachability.m */ = {isa = PBXFileReference; fileEncoding = 4; lastKnownFileType = sourcecode.c.objc; path = Reachability.m; sourceTree = "<group>"; };
		44DCDF5619F60485001CE20D /* SelectedWeiboName.h */ = {isa = PBXFileReference; fileEncoding = 4; lastKnownFileType = sourcecode.c.h; path = SelectedWeiboName.h; sourceTree = "<group>"; };
		44DCDF5719F60485001CE20D /* SelectedWeiboName.m */ = {isa = PBXFileReference; fileEncoding = 4; lastKnownFileType = sourcecode.c.objc; path = SelectedWeiboName.m; sourceTree = "<group>"; };
		44DCDF6019F762D0001CE20D /* EGORefreshTableHeaderView.h */ = {isa = PBXFileReference; fileEncoding = 4; lastKnownFileType = sourcecode.c.h; path = EGORefreshTableHeaderView.h; sourceTree = "<group>"; };
		44DCDF6119F762D0001CE20D /* EGORefreshTableHeaderView.m */ = {isa = PBXFileReference; fileEncoding = 4; lastKnownFileType = sourcecode.c.objc; path = EGORefreshTableHeaderView.m; sourceTree = "<group>"; };
		44DCDF6219F762D0001CE20D /* LoadMoreTableFooterView.h */ = {isa = PBXFileReference; fileEncoding = 4; lastKnownFileType = sourcecode.c.h; path = LoadMoreTableFooterView.h; sourceTree = "<group>"; };
		44DCDF6319F762D0001CE20D /* LoadMoreTableFooterView.m */ = {isa = PBXFileReference; fileEncoding = 4; lastKnownFileType = sourcecode.c.objc; path = LoadMoreTableFooterView.m; sourceTree = "<group>"; };
		44DCDF6419F762D0001CE20D /* MessageInterceptor.h */ = {isa = PBXFileReference; fileEncoding = 4; lastKnownFileType = sourcecode.c.h; path = MessageInterceptor.h; sourceTree = "<group>"; };
		44DCDF6519F762D0001CE20D /* MessageInterceptor.m */ = {isa = PBXFileReference; fileEncoding = 4; lastKnownFileType = sourcecode.c.objc; path = MessageInterceptor.m; sourceTree = "<group>"; };
		44DCDF6619F762D0001CE20D /* PullTableView.h */ = {isa = PBXFileReference; fileEncoding = 4; lastKnownFileType = sourcecode.c.h; path = PullTableView.h; sourceTree = "<group>"; };
		44DCDF6719F762D0001CE20D /* PullTableView.m */ = {isa = PBXFileReference; fileEncoding = 4; lastKnownFileType = sourcecode.c.objc; path = PullTableView.m; sourceTree = "<group>"; };
		44DCDF6919F762D0001CE20D /* blackArrow.png */ = {isa = PBXFileReference; lastKnownFileType = image.png; path = blackArrow.png; sourceTree = "<group>"; };
		44DCDF6A19F762D0001CE20D /* blackArrow@2x.png */ = {isa = PBXFileReference; lastKnownFileType = image.png; path = "blackArrow@2x.png"; sourceTree = "<group>"; };
		44DCDF6B19F762D0001CE20D /* blueArrow.png */ = {isa = PBXFileReference; lastKnownFileType = image.png; path = blueArrow.png; sourceTree = "<group>"; };
		44DCDF6C19F762D0001CE20D /* blueArrow@2x.png */ = {isa = PBXFileReference; lastKnownFileType = image.png; path = "blueArrow@2x.png"; sourceTree = "<group>"; };
		44DCDF6D19F762D0001CE20D /* grayArrow.png */ = {isa = PBXFileReference; lastKnownFileType = image.png; path = grayArrow.png; sourceTree = "<group>"; };
		44DCDF6E19F762D0001CE20D /* grayArrow@2x.png */ = {isa = PBXFileReference; lastKnownFileType = image.png; path = "grayArrow@2x.png"; sourceTree = "<group>"; };
		44DCDF6F19F762D0001CE20D /* whiteArrow.png */ = {isa = PBXFileReference; lastKnownFileType = image.png; path = whiteArrow.png; sourceTree = "<group>"; };
		44DCDF7019F762D0001CE20D /* whiteArrow@2x.png */ = {isa = PBXFileReference; lastKnownFileType = image.png; path = "whiteArrow@2x.png"; sourceTree = "<group>"; };
		44DCDF8219F7A56D001CE20D /* LeftViewController.h */ = {isa = PBXFileReference; fileEncoding = 4; lastKnownFileType = sourcecode.c.h; path = LeftViewController.h; sourceTree = "<group>"; };
		44DCDF8319F7A56D001CE20D /* LeftViewController.m */ = {isa = PBXFileReference; fileEncoding = 4; lastKnownFileType = sourcecode.c.objc; path = LeftViewController.m; sourceTree = "<group>"; };
/* End PBXFileReference section */

/* Begin PBXFrameworksBuildPhase section */
		442D7A6C19C1552A009AEEF7 /* Frameworks */ = {
			isa = PBXFrameworksBuildPhase;
			buildActionMask = 2147483647;
			files = (
				44C30E4D19D57F2600E88059 /* libxml2.dylib in Frameworks */,
				44C30E4B19D57F0600E88059 /* libz.dylib in Frameworks */,
				442D7A7519C1552A009AEEF7 /* CoreGraphics.framework in Frameworks */,
				44C30E4919D57EEC00E88059 /* MobileCoreServices.framework in Frameworks */,
				44C30E4719D57EE200E88059 /* SystemConfiguration.framework in Frameworks */,
				44C30E4519D57ED500E88059 /* CFNetwork.framework in Frameworks */,
				44C30E1919D5635800E88059 /* Social.framework in Frameworks */,
				44C30E1719D5634F00E88059 /* Security.framework in Frameworks */,
				44C30E1519D5634300E88059 /* Accounts.framework in Frameworks */,
				44C30E1319D2F0B300E88059 /* libTCWeiboSDK.a in Frameworks */,
				442D7A7719C1552A009AEEF7 /* UIKit.framework in Frameworks */,
				442D7A7319C1552A009AEEF7 /* Foundation.framework in Frameworks */,
			);
			runOnlyForDeploymentPostprocessing = 0;
		};
		442D7A8719C1552A009AEEF7 /* Frameworks */ = {
			isa = PBXFrameworksBuildPhase;
			buildActionMask = 2147483647;
			files = (
				442D7A8C19C1552A009AEEF7 /* XCTest.framework in Frameworks */,
				442D7A8E19C1552A009AEEF7 /* UIKit.framework in Frameworks */,
				442D7A8D19C1552A009AEEF7 /* Foundation.framework in Frameworks */,
			);
			runOnlyForDeploymentPostprocessing = 0;
		};
/* End PBXFrameworksBuildPhase section */

/* Begin PBXGroup section */
		442D7A6619C1552A009AEEF7 = {
			isa = PBXGroup;
			children = (
				4459358519E64F5C0094D390 /* Commom */,
				447D22D519C70E4F0076EA79 /* Login */,
				44C30E2219D57E4F00E88059 /* Framework */,
				44C30E0F19D2F0B300E88059 /* TCWeiboSDK */,
				447D22E919C71F300076EA79 /* Category */,
				447D22A719C6C4860076EA79 /* Images */,
				442D7AAC19C1DE88009AEEF7 /* Main */,
				442D7A7819C1552A009AEEF7 /* 微妮 */,
				442D7A9119C1552A009AEEF7 /* 微妮Tests */,
				442D7A7119C1552A009AEEF7 /* Frameworks */,
				442D7A7019C1552A009AEEF7 /* Products */,
			);
			sourceTree = "<group>";
		};
		442D7A7019C1552A009AEEF7 /* Products */ = {
			isa = PBXGroup;
			children = (
				442D7A6F19C1552A009AEEF7 /* 微妮.app */,
				442D7A8A19C1552A009AEEF7 /* 微妮Tests.xctest */,
			);
			name = Products;
			sourceTree = "<group>";
		};
		442D7A7119C1552A009AEEF7 /* Frameworks */ = {
			isa = PBXGroup;
			children = (
				44C30E4C19D57F2600E88059 /* libxml2.dylib */,
				44C30E4A19D57F0600E88059 /* libz.dylib */,
				44C30E4819D57EEC00E88059 /* MobileCoreServices.framework */,
				44C30E4619D57EE200E88059 /* SystemConfiguration.framework */,
				44C30E4419D57ED500E88059 /* CFNetwork.framework */,
				44C30E1819D5635800E88059 /* Social.framework */,
				44C30E1619D5634F00E88059 /* Security.framework */,
				44C30E1419D5634300E88059 /* Accounts.framework */,
				442D7A7219C1552A009AEEF7 /* Foundation.framework */,
				442D7A7419C1552A009AEEF7 /* CoreGraphics.framework */,
				442D7A7619C1552A009AEEF7 /* UIKit.framework */,
				442D7A8B19C1552A009AEEF7 /* XCTest.framework */,
			);
			name = Frameworks;
			sourceTree = "<group>";
		};
		442D7A7819C1552A009AEEF7 /* 微妮 */ = {
			isa = PBXGroup;
			children = (
				442D7A8119C1552A009AEEF7 /* AppDelegate.h */,
				442D7A8219C1552A009AEEF7 /* AppDelegate.m */,
				442D7AA719C15C04009AEEF7 /* CONSTS.h */,
				442D7A8419C1552A009AEEF7 /* Images.xcassets */,
				442D7A7919C1552A009AEEF7 /* Supporting Files */,
			);
			path = "微妮";
			sourceTree = "<group>";
		};
		442D7A7919C1552A009AEEF7 /* Supporting Files */ = {
			isa = PBXGroup;
			children = (
				442D7A7A19C1552A009AEEF7 /* 微妮-Info.plist */,
				442D7A7B19C1552A009AEEF7 /* InfoPlist.strings */,
				442D7A7E19C1552A009AEEF7 /* main.m */,
				442D7A8019C1552A009AEEF7 /* 微妮-Prefix.pch */,
			);
			name = "Supporting Files";
			sourceTree = "<group>";
		};
		442D7A9119C1552A009AEEF7 /* 微妮Tests */ = {
			isa = PBXGroup;
			children = (
				442D7A9719C1552A009AEEF7 /* __Tests.m */,
				442D7A9219C1552A009AEEF7 /* Supporting Files */,
			);
			path = "微妮Tests";
			sourceTree = "<group>";
		};
		442D7A9219C1552A009AEEF7 /* Supporting Files */ = {
			isa = PBXGroup;
			children = (
				442D7A9319C1552A009AEEF7 /* 微妮Tests-Info.plist */,
				442D7A9419C1552A009AEEF7 /* InfoPlist.strings */,
			);
			name = "Supporting Files";
			sourceTree = "<group>";
		};
		442D7AAB19C1DE74009AEEF7 /* TabBar */ = {
			isa = PBXGroup;
			children = (
				442D7AA819C1DC11009AEEF7 /* CustomTabBarViewController.h */,
				442D7AA919C1DC12009AEEF7 /* CustomTabBarViewController.m */,
			);
			name = TabBar;
			sourceTree = "<group>";
		};
		442D7AAC19C1DE88009AEEF7 /* Main */ = {
			isa = PBXGroup;
			children = (
				447D22C319C6D8990076EA79 /* Model */,
				447D22C219C6D8580076EA79 /* View */,
				447D22C119C6D8460076EA79 /* Controller */,
			);
			name = Main;
			sourceTree = "<group>";
		};
		4459357519E40C3C0094D390 /* View */ = {
			isa = PBXGroup;
			children = (
				4459357619E40ED60094D390 /* PopView.h */,
				4459357719E40EDD0094D390 /* PopView.m */,
				4459357E19E5734F0094D390 /* SelectView.h */,
				4459357F19E5734F0094D390 /* SelectView.m */,
			);
			name = View;
			sourceTree = "<group>";
		};
		4459358519E64F5C0094D390 /* Commom */ = {
			isa = PBXGroup;
			children = (
				44DCDF5519F60431001CE20D /* Model */,
				449C041119F3D0FA009A883A /* Controller */,
				447D22E119C714CF0076EA79 /* Blockbutton */,
			);
			name = Commom;
			sourceTree = "<group>";
		};
		4459358619E64F780094D390 /* Nav */ = {
			isa = PBXGroup;
			children = (
				4459358F19E6C3700094D390 /* CustomNavController.h */,
				4459359019E6C3790094D390 /* CustomNavController.m */,
			);
			name = Nav;
			sourceTree = "<group>";
		};
		447D22A719C6C4860076EA79 /* Images */ = {
			isa = PBXGroup;
			children = (
				449C041519F3D19A009A883A /* Login */,
				4480DAA119EF64C700F53583 /* Nav */,
			);
			name = Images;
			sourceTree = "<group>";
		};
		447D22C119C6D8460076EA79 /* Controller */ = {
			isa = PBXGroup;
			children = (
				44DCDF8119F7A553001CE20D /* left */,
				4480DA8819EF603200F53583 /* HomePage */,
				4480DA8919EF604400F53583 /* Square */,
				4480DA8A19EF608D00F53583 /* Personnal */,
				4480DA8B19EF609800F53583 /* More */,
			);
			name = Controller;
			sourceTree = "<group>";
		};
		447D22C219C6D8580076EA79 /* View */ = {
			isa = PBXGroup;
			children = (
				447D22C819C6DBFC0076EA79 /* SinaCell.h */,
				447D22C919C6DC040076EA79 /* SinaCell.m */,
			);
			name = View;
			sourceTree = "<group>";
		};
		447D22C319C6D8990076EA79 /* Model */ = {
			isa = PBXGroup;
			children = (
				447D22D119C6E1B60076EA79 /* WeiboDataSource.h */,
				447D22D219C6E1B60076EA79 /* WeiboDataSource.m */,
			);
			name = Model;
			sourceTree = "<group>";
		};
		447D22D519C70E4F0076EA79 /* Login */ = {
			isa = PBXGroup;
			children = (
				4459357519E40C3C0094D390 /* View */,
				44C30E1B19D56EF700E88059 /* Controller */,
				44C30E1A19D56EE400E88059 /* Model */,
			);
			name = Login;
			sourceTree = "<group>";
		};
		447D22E119C714CF0076EA79 /* Blockbutton */ = {
			isa = PBXGroup;
			children = (
				447D22E219C714E80076EA79 /* BlockButton.h */,
				447D22E319C714ED0076EA79 /* BlockButton.m */,
			);
			name = Blockbutton;
			sourceTree = "<group>";
		};
		447D22E919C71F300076EA79 /* Category */ = {
			isa = PBXGroup;
			children = (
				447D22CE19C6DED10076EA79 /* UIImageView+LoadView.h */,
				447D22CF19C6DED80076EA79 /* UIImageView+LoadView.m */,
				447D22CC19C6DEA20076EA79 /* NSString+autoFit.m */,
				447D22CB19C6DE9B0076EA79 /* NSString+autoFit.h */,
				44227A4B19C7216F0055C041 /* UIView+Addtion.h */,
				44227A4C19C7216F0055C041 /* UIView+Addtion.m */,
			);
			name = Category;
			sourceTree = "<group>";
		};
		4480DA8319EF5B5B00F53583 /* DDMenu */ = {
			isa = PBXGroup;
			children = (
				4480DA8019EF5B3F00F53583 /* DDMenuController.h */,
				4480DA8119EF5B5100F53583 /* DDMenuController.m */,
			);
			name = DDMenu;
			sourceTree = "<group>";
		};
		4480DA8419EF5DB100F53583 /* RootViewControlller */ = {
			isa = PBXGroup;
			children = (
				4480DA8519EF5E5300F53583 /* RootViewController.h */,
				4480DA8619EF5E5300F53583 /* RootViewController.m */,
			);
			name = RootViewControlller;
			sourceTree = "<group>";
		};
		4480DA8819EF603200F53583 /* HomePage */ = {
			isa = PBXGroup;
			children = (
				4480DA8C19EF60DE00F53583 /* HomeTableViewController.h */,
				4480DA8D19EF60DE00F53583 /* HomeTableViewController.m */,
			);
			name = HomePage;
			sourceTree = "<group>";
		};
		4480DA8919EF604400F53583 /* Square */ = {
			isa = PBXGroup;
			children = (
				4480DA8F19EF610300F53583 /* SquareViewController.h */,
				4480DA9019EF610300F53583 /* SquareViewController.m */,
			);
			name = Square;
			sourceTree = "<group>";
		};
		4480DA8A19EF608D00F53583 /* Personnal */ = {
			isa = PBXGroup;
			children = (
				4480DA9319EF612700F53583 /* PersonalTableViewController.h */,
				4480DA9419EF612700F53583 /* PersonalTableViewController.m */,
			);
			name = Personnal;
			sourceTree = "<group>";
		};
		4480DA8B19EF609800F53583 /* More */ = {
			isa = PBXGroup;
			children = (
				4480DA9619EF613300F53583 /* MoreTableViewController.h */,
				4480DA9719EF613300F53583 /* MoreTableViewController.m */,
			);
			name = More;
			sourceTree = "<group>";
		};
		4480DAA119EF64C700F53583 /* Nav */ = {
			isa = PBXGroup;
			children = (
				4480DA9F19EF64C200F53583 /* more.png */,
				4480DA9D19EF64BD00F53583 /* home.png */,
				4480DA9B19EF64B900F53583 /* square.png */,
				4480DA9919EF64B500F53583 /* personal.png */,
			);
			name = Nav;
			sourceTree = "<group>";
		};
		449C041119F3D0FA009A883A /* Controller */ = {
			isa = PBXGroup;
			children = (
				4459358619E64F780094D390 /* Nav */,
				4480DA8419EF5DB100F53583 /* RootViewControlller */,
				442D7AAB19C1DE74009AEEF7 /* TabBar */,
			);
			name = Controller;
			sourceTree = "<group>";
		};
		449C041519F3D19A009A883A /* Login */ = {
			isa = PBXGroup;
			children = (
				4459358A19E6B4AB0094D390 /* tencent_login.png */,
				4459358819E6B4A70094D390 /* sina_login.png */,
			);
			name = Login;
			sourceTree = "<group>";
		};
		44C30E0F19D2F0B300E88059 /* TCWeiboSDK */ = {
			isa = PBXGroup;
			children = (
				44C30E1019D2F0B300E88059 /* libTCWeiboSDK.a */,
				44C30E1119D2F0B300E88059 /* WeiboApi.h */,
				44C30E1219D2F0B300E88059 /* WeiboApiObject.h */,
			);
			path = TCWeiboSDK;
			sourceTree = "<group>";
		};
		44C30E1A19D56EE400E88059 /* Model */ = {
			isa = PBXGroup;
			children = (
			);
			name = Model;
			sourceTree = "<group>";
		};
		44C30E1B19D56EF700E88059 /* Controller */ = {
			isa = PBXGroup;
			children = (
				447D22DC19C70F490076EA79 /* LogViewController.h */,
				447D22DD19C70F490076EA79 /* LogViewController.m */,
				445935C519EE39660094D390 /* AuthorizeViewController.h */,
				445935C619EE39660094D390 /* AuthorizeViewController.m */,
				4480DAA219EFFC2300F53583 /* SplashViewController.h */,
				4480DAA319EFFC2300F53583 /* SplashViewController.m */,
			);
			name = Controller;
			sourceTree = "<group>";
		};
		44C30E2219D57E4F00E88059 /* Framework */ = {
			isa = PBXGroup;
			children = (
				44DCDF5E19F762D0001CE20D /* EGOTableViewPullRefresh */,
				4480DA8319EF5B5B00F53583 /* DDMenu */,
				44C30E4E19D57FFE00E88059 /* ASIHTTPRequest */,
			);
			name = Framework;
			sourceTree = "<group>";
		};
		44C30E4E19D57FFE00E88059 /* ASIHTTPRequest */ = {
			isa = PBXGroup;
			children = (
				44C30E4F19D57FFE00E88059 /* ASIAuthenticationDialog.h */,
				44C30E5019D57FFE00E88059 /* ASIAuthenticationDialog.m */,
				44C30E5119D57FFE00E88059 /* ASICacheDelegate.h */,
				44C30E5219D57FFE00E88059 /* ASIDataCompressor.h */,
				44C30E5319D57FFE00E88059 /* ASIDataCompressor.m */,
				44C30E5419D57FFE00E88059 /* ASIDataDecompressor.h */,
				44C30E5519D57FFE00E88059 /* ASIDataDecompressor.m */,
				44C30E5619D57FFE00E88059 /* ASIDownloadCache.h */,
				44C30E5719D57FFE00E88059 /* ASIDownloadCache.m */,
				44C30E5819D57FFE00E88059 /* ASIFormDataRequest.h */,
				44C30E5919D57FFE00E88059 /* ASIFormDataRequest.m */,
				44C30E5A19D57FFE00E88059 /* ASIHTTPRequest.h */,
				44C30E5B19D57FFE00E88059 /* ASIHTTPRequest.m */,
				44C30E5C19D57FFE00E88059 /* ASIHTTPRequestConfig.h */,
				44C30E5D19D57FFE00E88059 /* ASIHTTPRequestDelegate.h */,
				44C30E5E19D57FFE00E88059 /* ASIInputStream.h */,
				44C30E5F19D57FFE00E88059 /* ASIInputStream.m */,
				44C30E6019D57FFE00E88059 /* ASINetworkQueue.h */,
				44C30E6119D57FFE00E88059 /* ASINetworkQueue.m */,
				44C30E6219D57FFE00E88059 /* ASIProgressDelegate.h */,
				44C30E6319D57FFE00E88059 /* Reachability.h */,
				44C30E6419D57FFE00E88059 /* Reachability.m */,
			);
			path = ASIHTTPRequest;
			sourceTree = "<group>";
		};
		44DCDF5519F60431001CE20D /* Model */ = {
			isa = PBXGroup;
			children = (
				44DCDF5619F60485001CE20D /* SelectedWeiboName.h */,
				44DCDF5719F60485001CE20D /* SelectedWeiboName.m */,
			);
			name = Model;
			sourceTree = "<group>";
		};
		44DCDF5E19F762D0001CE20D /* EGOTableViewPullRefresh */ = {
			isa = PBXGroup;
			children = (
				44DCDF5F19F762D0001CE20D /* Classes */,
				44DCDF6819F762D0001CE20D /* Resources */,
			);
			path = EGOTableViewPullRefresh;
			sourceTree = "<group>";
		};
		44DCDF5F19F762D0001CE20D /* Classes */ = {
			isa = PBXGroup;
			children = (
				44DCDF6019F762D0001CE20D /* EGORefreshTableHeaderView.h */,
				44DCDF6119F762D0001CE20D /* EGORefreshTableHeaderView.m */,
				44DCDF6219F762D0001CE20D /* LoadMoreTableFooterView.h */,
				44DCDF6319F762D0001CE20D /* LoadMoreTableFooterView.m */,
				44DCDF6419F762D0001CE20D /* MessageInterceptor.h */,
				44DCDF6519F762D0001CE20D /* MessageInterceptor.m */,
				44DCDF6619F762D0001CE20D /* PullTableView.h */,
				44DCDF6719F762D0001CE20D /* PullTableView.m */,
			);
			path = Classes;
			sourceTree = "<group>";
		};
		44DCDF6819F762D0001CE20D /* Resources */ = {
			isa = PBXGroup;
			children = (
				44DCDF6919F762D0001CE20D /* blackArrow.png */,
				44DCDF6A19F762D0001CE20D /* blackArrow@2x.png */,
				44DCDF6B19F762D0001CE20D /* blueArrow.png */,
				44DCDF6C19F762D0001CE20D /* blueArrow@2x.png */,
				44DCDF6D19F762D0001CE20D /* grayArrow.png */,
				44DCDF6E19F762D0001CE20D /* grayArrow@2x.png */,
				44DCDF6F19F762D0001CE20D /* whiteArrow.png */,
				44DCDF7019F762D0001CE20D /* whiteArrow@2x.png */,
			);
			path = Resources;
			sourceTree = "<group>";
		};
		44DCDF8119F7A553001CE20D /* left */ = {
			isa = PBXGroup;
			children = (
				44DCDF8219F7A56D001CE20D /* LeftViewController.h */,
				44DCDF8319F7A56D001CE20D /* LeftViewController.m */,
			);
			name = left;
			sourceTree = "<group>";
		};
/* End PBXGroup section */

/* Begin PBXNativeTarget section */
		442D7A6E19C1552A009AEEF7 /* 微妮 */ = {
			isa = PBXNativeTarget;
			buildConfigurationList = 442D7A9B19C1552A009AEEF7 /* Build configuration list for PBXNativeTarget "微妮" */;
			buildPhases = (
				442D7A6B19C1552A009AEEF7 /* Sources */,
				442D7A6C19C1552A009AEEF7 /* Frameworks */,
				442D7A6D19C1552A009AEEF7 /* Resources */,
			);
			buildRules = (
			);
			dependencies = (
			);
			name = "微妮";
			productName = "微妮";
			productReference = 442D7A6F19C1552A009AEEF7 /* 微妮.app */;
			productType = "com.apple.product-type.application";
		};
		442D7A8919C1552A009AEEF7 /* 微妮Tests */ = {
			isa = PBXNativeTarget;
			buildConfigurationList = 442D7A9E19C1552A009AEEF7 /* Build configuration list for PBXNativeTarget "微妮Tests" */;
			buildPhases = (
				442D7A8619C1552A009AEEF7 /* Sources */,
				442D7A8719C1552A009AEEF7 /* Frameworks */,
				442D7A8819C1552A009AEEF7 /* Resources */,
			);
			buildRules = (
			);
			dependencies = (
				442D7A9019C1552A009AEEF7 /* PBXTargetDependency */,
			);
			name = "微妮Tests";
			productName = "微妮Tests";
			productReference = 442D7A8A19C1552A009AEEF7 /* 微妮Tests.xctest */;
			productType = "com.apple.product-type.bundle.unit-test";
		};
/* End PBXNativeTarget section */

/* Begin PBXProject section */
		442D7A6719C1552A009AEEF7 /* Project object */ = {
			isa = PBXProject;
			attributes = {
				LastUpgradeCheck = 0510;
				ORGANIZATIONNAME = liujin;
				TargetAttributes = {
					442D7A8919C1552A009AEEF7 = {
						TestTargetID = 442D7A6E19C1552A009AEEF7;
					};
				};
			};
			buildConfigurationList = 442D7A6A19C1552A009AEEF7 /* Build configuration list for PBXProject "微妮" */;
			compatibilityVersion = "Xcode 3.2";
			developmentRegion = English;
			hasScannedForEncodings = 0;
			knownRegions = (
				en,
			);
			mainGroup = 442D7A6619C1552A009AEEF7;
			productRefGroup = 442D7A7019C1552A009AEEF7 /* Products */;
			projectDirPath = "";
			projectRoot = "";
			targets = (
				442D7A6E19C1552A009AEEF7 /* 微妮 */,
				442D7A8919C1552A009AEEF7 /* 微妮Tests */,
			);
		};
/* End PBXProject section */

/* Begin PBXResourcesBuildPhase section */
		442D7A6D19C1552A009AEEF7 /* Resources */ = {
			isa = PBXResourcesBuildPhase;
			buildActionMask = 2147483647;
			files = (
				44DCDF7819F762D0001CE20D /* blueArrow@2x.png in Resources */,
				4480DA9C19EF64B900F53583 /* square.png in Resources */,
				442D7A7D19C1552A009AEEF7 /* InfoPlist.strings in Resources */,
				4459358B19E6B4AB0094D390 /* tencent_login.png in Resources */,
				442D7A8519C1552A009AEEF7 /* Images.xcassets in Resources */,
				44DCDF7A19F762D0001CE20D /* grayArrow@2x.png in Resources */,
				4480DA9A19EF64B500F53583 /* personal.png in Resources */,
				44DCDF7B19F762D0001CE20D /* whiteArrow.png in Resources */,
				44DCDF7919F762D0001CE20D /* grayArrow.png in Resources */,
				4480DA9E19EF64BD00F53583 /* home.png in Resources */,
				44DCDF7C19F762D0001CE20D /* whiteArrow@2x.png in Resources */,
				4459358919E6B4A70094D390 /* sina_login.png in Resources */,
				44DCDF7719F762D0001CE20D /* blueArrow.png in Resources */,
				44DCDF7519F762D0001CE20D /* blackArrow.png in Resources */,
				44DCDF7619F762D0001CE20D /* blackArrow@2x.png in Resources */,
				4480DAA019EF64C200F53583 /* more.png in Resources */,
			);
			runOnlyForDeploymentPostprocessing = 0;
		};
		442D7A8819C1552A009AEEF7 /* Resources */ = {
			isa = PBXResourcesBuildPhase;
			buildActionMask = 2147483647;
			files = (
				442D7A9619C1552A009AEEF7 /* InfoPlist.strings in Resources */,
			);
			runOnlyForDeploymentPostprocessing = 0;
		};
/* End PBXResourcesBuildPhase section */

/* Begin PBXSourcesBuildPhase section */
		442D7A6B19C1552A009AEEF7 /* Sources */ = {
			isa = PBXSourcesBuildPhase;
			buildActionMask = 2147483647;
			files = (
				44C30E6819D57FFE00E88059 /* ASIDownloadCache.m in Sources */,
				4480DA9119EF610300F53583 /* SquareViewController.m in Sources */,
				44C30E6619D57FFE00E88059 /* ASIDataCompressor.m in Sources */,
				4459358019E5734F0094D390 /* SelectView.m in Sources */,
				442D7A8319C1552A009AEEF7 /* AppDelegate.m in Sources */,
				44DCDF5819F60485001CE20D /* SelectedWeiboName.m in Sources */,
				4480DA9519EF612700F53583 /* PersonalTableViewController.m in Sources */,
				447D22DE19C70F490076EA79 /* LogViewController.m in Sources */,
				447D22E419C714ED0076EA79 /* BlockButton.m in Sources */,
				44DCDF8419F7A56D001CE20D /* LeftViewController.m in Sources */,
				4459359119E6C3790094D390 /* CustomNavController.m in Sources */,
				442D7AAA19C1DC12009AEEF7 /* CustomTabBarViewController.m in Sources */,
				4480DA9819EF613300F53583 /* MoreTableViewController.m in Sources */,
				4459357819E40EDD0094D390 /* PopView.m in Sources */,
				44C30E6519D57FFE00E88059 /* ASIAuthenticationDialog.m in Sources */,
				447D22D319C6E1B60076EA79 /* WeiboDataSource.m in Sources */,
				44227A4D19C7216F0055C041 /* UIView+Addtion.m in Sources */,
				447D22D019C6DED80076EA79 /* UIImageView+LoadView.m in Sources */,
				447D22CA19C6DC040076EA79 /* SinaCell.m in Sources */,
				44DCDF7119F762D0001CE20D /* EGORefreshTableHeaderView.m in Sources */,
				445935C719EE39660094D390 /* AuthorizeViewController.m in Sources */,
				44C30E6919D57FFE00E88059 /* ASIFormDataRequest.m in Sources */,
				44C30E6D19D57FFE00E88059 /* Reachability.m in Sources */,
				44DCDF7419F762D0001CE20D /* PullTableView.m in Sources */,
				442D7A7F19C1552A009AEEF7 /* main.m in Sources */,
				44C30E6719D57FFE00E88059 /* ASIDataDecompressor.m in Sources */,
				4480DA8219EF5B5100F53583 /* DDMenuController.m in Sources */,
				4480DA8719EF5E5300F53583 /* RootViewController.m in Sources */,
				44C30E6B19D57FFE00E88059 /* ASIInputStream.m in Sources */,
				44DCDF7319F762D0001CE20D /* MessageInterceptor.m in Sources */,
				44C30E6C19D57FFE00E88059 /* ASINetworkQueue.m in Sources */,
				4480DAA419EFFC2300F53583 /* SplashViewController.m in Sources */,
				4480DA8E19EF60DE00F53583 /* HomeTableViewController.m in Sources */,
				44C30E6A19D57FFE00E88059 /* ASIHTTPRequest.m in Sources */,
				447D22CD19C6DEA20076EA79 /* NSString+autoFit.m in Sources */,
				44DCDF7219F762D0001CE20D /* LoadMoreTableFooterView.m in Sources */,
			);
			runOnlyForDeploymentPostprocessing = 0;
		};
		442D7A8619C1552A009AEEF7 /* Sources */ = {
			isa = PBXSourcesBuildPhase;
			buildActionMask = 2147483647;
			files = (
				442D7A9819C1552A009AEEF7 /* __Tests.m in Sources */,
			);
			runOnlyForDeploymentPostprocessing = 0;
		};
/* End PBXSourcesBuildPhase section */

/* Begin PBXTargetDependency section */
		442D7A9019C1552A009AEEF7 /* PBXTargetDependency */ = {
			isa = PBXTargetDependency;
			target = 442D7A6E19C1552A009AEEF7 /* 微妮 */;
			targetProxy = 442D7A8F19C1552A009AEEF7 /* PBXContainerItemProxy */;
		};
/* End PBXTargetDependency section */

/* Begin PBXVariantGroup section */
		442D7A7B19C1552A009AEEF7 /* InfoPlist.strings */ = {
			isa = PBXVariantGroup;
			children = (
				442D7A7C19C1552A009AEEF7 /* en */,
			);
			name = InfoPlist.strings;
			sourceTree = "<group>";
		};
		442D7A9419C1552A009AEEF7 /* InfoPlist.strings */ = {
			isa = PBXVariantGroup;
			children = (
				442D7A9519C1552A009AEEF7 /* en */,
			);
			name = InfoPlist.strings;
			sourceTree = "<group>";
		};
/* End PBXVariantGroup section */

/* Begin XCBuildConfiguration section */
		442D7A9919C1552A009AEEF7 /* Debug */ = {
			isa = XCBuildConfiguration;
			buildSettings = {
				ALWAYS_SEARCH_USER_PATHS = NO;
				CLANG_CXX_LANGUAGE_STANDARD = "gnu++0x";
				CLANG_CXX_LIBRARY = "libc++";
				CLANG_ENABLE_MODULES = YES;
				CLANG_ENABLE_OBJC_ARC = YES;
				CLANG_WARN_BOOL_CONVERSION = YES;
				CLANG_WARN_CONSTANT_CONVERSION = YES;
				CLANG_WARN_DIRECT_OBJC_ISA_USAGE = YES_ERROR;
				CLANG_WARN_EMPTY_BODY = YES;
				CLANG_WARN_ENUM_CONVERSION = YES;
				CLANG_WARN_INT_CONVERSION = YES;
				CLANG_WARN_OBJC_ROOT_CLASS = YES_ERROR;
				CLANG_WARN__DUPLICATE_METHOD_MATCH = YES;
				"CODE_SIGN_IDENTITY[sdk=iphoneos*]" = "iPhone Developer";
				COPY_PHASE_STRIP = NO;
				GCC_C_LANGUAGE_STANDARD = gnu99;
				GCC_DYNAMIC_NO_PIC = NO;
				GCC_OPTIMIZATION_LEVEL = 0;
				GCC_PREPROCESSOR_DEFINITIONS = (
					"DEBUG=1",
					"$(inherited)",
				);
				GCC_SYMBOLS_PRIVATE_EXTERN = NO;
				GCC_WARN_64_TO_32_BIT_CONVERSION = YES;
				GCC_WARN_ABOUT_RETURN_TYPE = YES_ERROR;
				GCC_WARN_UNDECLARED_SELECTOR = YES;
				GCC_WARN_UNINITIALIZED_AUTOS = YES_AGGRESSIVE;
				GCC_WARN_UNUSED_FUNCTION = YES;
				GCC_WARN_UNUSED_VARIABLE = YES;
				IPHONEOS_DEPLOYMENT_TARGET = 7.1;
				LIBRARY_SEARCH_PATHS = "$(SRCROOT)/TCWeiboSDK";
				ONLY_ACTIVE_ARCH = YES;
				SDKROOT = iphoneos;
			};
			name = Debug;
		};
		442D7A9A19C1552A009AEEF7 /* Release */ = {
			isa = XCBuildConfiguration;
			buildSettings = {
				ALWAYS_SEARCH_USER_PATHS = NO;
				CLANG_CXX_LANGUAGE_STANDARD = "gnu++0x";
				CLANG_CXX_LIBRARY = "libc++";
				CLANG_ENABLE_MODULES = YES;
				CLANG_ENABLE_OBJC_ARC = YES;
				CLANG_WARN_BOOL_CONVERSION = YES;
				CLANG_WARN_CONSTANT_CONVERSION = YES;
				CLANG_WARN_DIRECT_OBJC_ISA_USAGE = YES_ERROR;
				CLANG_WARN_EMPTY_BODY = YES;
				CLANG_WARN_ENUM_CONVERSION = YES;
				CLANG_WARN_INT_CONVERSION = YES;
				CLANG_WARN_OBJC_ROOT_CLASS = YES_ERROR;
				CLANG_WARN__DUPLICATE_METHOD_MATCH = YES;
				"CODE_SIGN_IDENTITY[sdk=iphoneos*]" = "iPhone Developer";
				COPY_PHASE_STRIP = YES;
				ENABLE_NS_ASSERTIONS = NO;
				GCC_C_LANGUAGE_STANDARD = gnu99;
				GCC_WARN_64_TO_32_BIT_CONVERSION = YES;
				GCC_WARN_ABOUT_RETURN_TYPE = YES_ERROR;
				GCC_WARN_UNDECLARED_SELECTOR = YES;
				GCC_WARN_UNINITIALIZED_AUTOS = YES_AGGRESSIVE;
				GCC_WARN_UNUSED_FUNCTION = YES;
				GCC_WARN_UNUSED_VARIABLE = YES;
				IPHONEOS_DEPLOYMENT_TARGET = 7.1;
				LIBRARY_SEARCH_PATHS = "$(SRCROOT)/TCWeiboSDK";
				ONLY_ACTIVE_ARCH = YES;
				SDKROOT = iphoneos;
				VALIDATE_PRODUCT = YES;
			};
			name = Release;
		};
		442D7A9C19C1552A009AEEF7 /* Debug */ = {
			isa = XCBuildConfiguration;
			buildSettings = {
				ASSETCATALOG_COMPILER_APPICON_NAME = AppIcon;
				ASSETCATALOG_COMPILER_LAUNCHIMAGE_NAME = LaunchImage;
				GCC_PRECOMPILE_PREFIX_HEADER = YES;
				GCC_PREFIX_HEADER = "微妮/微妮-Prefix.pch";
				INFOPLIST_FILE = "微妮/微妮-Info.plist";
				LIBRARY_SEARCH_PATHS = (
					"$(SRCROOT)/TCWeiboSDK",
					"$(inherited)",
				);
				ONLY_ACTIVE_ARCH = YES;
				OTHER_LDFLAGS = "-ObjC ";
				"OTHER_LDFLAGS[arch=*]" = "-ObjC ";
				PRODUCT_NAME = "$(TARGET_NAME)";
				WRAPPER_EXTENSION = app;
			};
			name = Debug;
		};
		442D7A9D19C1552A009AEEF7 /* Release */ = {
			isa = XCBuildConfiguration;
			buildSettings = {
				ASSETCATALOG_COMPILER_APPICON_NAME = AppIcon;
				ASSETCATALOG_COMPILER_LAUNCHIMAGE_NAME = LaunchImage;
				GCC_PRECOMPILE_PREFIX_HEADER = YES;
				GCC_PREFIX_HEADER = "微妮/微妮-Prefix.pch";
				INFOPLIST_FILE = "微妮/微妮-Info.plist";
				LIBRARY_SEARCH_PATHS = (
					"$(SRCROOT)/TCWeiboSDK",
					"$(inherited)",
				);
				ONLY_ACTIVE_ARCH = YES;
				OTHER_LDFLAGS = "-ObjC ";
				"OTHER_LDFLAGS[arch=*]" = "-ObjC ";
				PRODUCT_NAME = "$(TARGET_NAME)";
				WRAPPER_EXTENSION = app;
			};
			name = Release;
		};
		442D7A9F19C1552A009AEEF7 /* Debug */ = {
			isa = XCBuildConfiguration;
			buildSettings = {
				BUNDLE_LOADER = "$(BUILT_PRODUCTS_DIR)/微妮.app/微妮";
				FRAMEWORK_SEARCH_PATHS = (
					"$(SDKROOT)/Developer/Library/Frameworks",
					"$(inherited)",
					"$(DEVELOPER_FRAMEWORKS_DIR)",
				);
				GCC_PRECOMPILE_PREFIX_HEADER = YES;
				GCC_PREFIX_HEADER = "微妮/微妮-Prefix.pch";
				GCC_PREPROCESSOR_DEFINITIONS = (
					"DEBUG=1",
					"$(inherited)",
				);
				INFOPLIST_FILE = "微妮Tests/微妮Tests-Info.plist";
				PRODUCT_NAME = "$(TARGET_NAME)";
				TEST_HOST = "$(BUNDLE_LOADER)";
				WRAPPER_EXTENSION = xctest;
			};
			name = Debug;
		};
		442D7AA019C1552A009AEEF7 /* Release */ = {
			isa = XCBuildConfiguration;
			buildSettings = {
				BUNDLE_LOADER = "$(BUILT_PRODUCTS_DIR)/微妮.app/微妮";
				FRAMEWORK_SEARCH_PATHS = (
					"$(SDKROOT)/Developer/Library/Frameworks",
					"$(inherited)",
					"$(DEVELOPER_FRAMEWORKS_DIR)",
				);
				GCC_PRECOMPILE_PREFIX_HEADER = YES;
				GCC_PREFIX_HEADER = "微妮/微妮-Prefix.pch";
				INFOPLIST_FILE = "微妮Tests/微妮Tests-Info.plist";
				PRODUCT_NAME = "$(TARGET_NAME)";
				TEST_HOST = "$(BUNDLE_LOADER)";
				WRAPPER_EXTENSION = xctest;
			};
			name = Release;
		};
/* End XCBuildConfiguration section */

/* Begin XCConfigurationList section */
		442D7A6A19C1552A009AEEF7 /* Build configuration list for PBXProject "微妮" */ = {
			isa = XCConfigurationList;
			buildConfigurations = (
				442D7A9919C1552A009AEEF7 /* Debug */,
				442D7A9A19C1552A009AEEF7 /* Release */,
			);
			defaultConfigurationIsVisible = 0;
			defaultConfigurationName = Release;
		};
		442D7A9B19C1552A009AEEF7 /* Build configuration list for PBXNativeTarget "微妮" */ = {
			isa = XCConfigurationList;
			buildConfigurations = (
				442D7A9C19C1552A009AEEF7 /* Debug */,
				442D7A9D19C1552A009AEEF7 /* Release */,
			);
			defaultConfigurationIsVisible = 0;
			defaultConfigurationName = Release;
		};
		442D7A9E19C1552A009AEEF7 /* Build configuration list for PBXNativeTarget "微妮Tests" */ = {
			isa = XCConfigurationList;
			buildConfigurations = (
				442D7A9F19C1552A009AEEF7 /* Debug */,
				442D7AA019C1552A009AEEF7 /* Release */,
			);
			defaultConfigurationIsVisible = 0;
			defaultConfigurationName = Release;
		};
/* End XCConfigurationList section */
	};
	rootObject = 442D7A6719C1552A009AEEF7 /* Project object */;
}
